{
  "name": "san-mui-with-esl",
  "version": "1.0.0",
  "lockfileVersion": 1,
  "requires": true,
  "dependencies": {
    "classnames": {
      "version": "2.2.5",
      "resolved": "https://registry.npmjs.org/classnames/-/classnames-2.2.5.tgz",
      "integrity": "sha1-+zgB1FNGdknvNgPH1hoCvRKb3m0="
    },
    "dom-align": {
      "version": "1.6.2",
      "resolved": "https://registry.npmjs.org/dom-align/-/dom-align-1.6.2.tgz",
      "integrity": "sha512-xCyF9pFKqoSClFUb7ATZbSHGAi70fNFGZ1k9ijLmFo2jM22ef4AKEVGvETzGFMQRVZT8vqJSmQEG108uabKlMA=="
    },
    "moment": {
      "version": "2.18.1",
      "resolved": "https://registry.npmjs.org/moment/-/moment-2.18.1.tgz",
      "integrity": "sha1-w2GT3Tzhwu7SrbfIAtu8d6gbHA8="
    },
    "san": {
      "version": "3.1.3",
      "resolved": "https://registry.npmjs.org/san/-/san-3.1.3.tgz",
      "integrity": "sha512-gqq5CrDN5dDlnGCPsmXn7duwaQnNwel5vQywdFNVUJ6QtrkiF+5eFx8C92O9HEtLlIPb8qoosHIJAOZ08x3dsg=="
    },
    "san-mui": {
      "version": "1.0.0-rc.2",
      "resolved": "https://registry.npmjs.org/san-mui/-/san-mui-1.0.0-rc.2.tgz",
      "integrity": "sha512-gg/7ATAeUGjKmAC8Bel1Rfb1SoTWB+pENRWT3S1GvwTruYGmMaVKL2yR9W5X+s6PaakPCXIwy6rA6WQZlGtEZg==",
      "requires": {
        "classnames": "2.2.5",
        "dom-align": "1.6.2",
        "moment": "2.18.1",
        "san": "3.1.3"
      }
    }
  }
}
